{
  "projects": [
    {
      "projectId": "5dGW8Awro3qq8Hh5MveXLP",
      "version": "1.0.0",
      "dependencies": {},
      "lang": "ts",
      "fileLocks": [
        {
          "assetId": "5dGW8Awro3qq8Hh5MveXLP",
          "type": "projectCss",
          "checksum": "cc56ca84239fe92d6cbd25ad282d44be"
        }
      ],
      "codegenVersion": "0.0.1"
    },
    {
      "projectId": "7nJ7UcFmq9UzB6eXfC5z4a",
      "version": "0.0.3",
      "dependencies": {},
      "lang": "ts",
      "fileLocks": [
        {
          "assetId": "7nJ7UcFmq9UzB6eXfC5z4a",
          "type": "projectCss",
          "checksum": "64c620350c9cd9f72dd5f82b2936978e"
        }
      ],
      "codegenVersion": "0.0.1"
    },
    {
      "projectId": "84wxoth5npGrp6RRXPL88z",
      "version": "4.0.2",
      "dependencies": {},
      "lang": "ts",
      "fileLocks": [
        {
          "assetId": "84wxoth5npGrp6RRXPL88z",
          "type": "projectCss",
          "checksum": "f64d76ff14052e72c6e821e8703dc7db"
        },
        {
          "assetId": "84wxoth5npGrp6RRXPL88z",
          "checksum": "b2ce5fdf753761f5713b1026b9e65539",
          "type": "globalContexts"
        }
      ],
      "codegenVersion": "0.0.1"
    },
    {
      "projectId": "28Ba3BDvRe7EiWdfFNnLB6",
      "version": "2.3.0",
      "dependencies": {},
      "lang": "ts",
      "fileLocks": [
        {
          "assetId": "28Ba3BDvRe7EiWdfFNnLB6",
          "type": "projectCss",
          "checksum": "afb87f03e25d1c04c54780213015f602"
        }
      ],
      "codegenVersion": "0.0.1"
    },
    {
      "projectId": "caTPwKxj5ZrD9LQ7DMdK4Z",
      "version": "3.0.0",
      "dependencies": {},
      "lang": "ts",
      "fileLocks": [
        {
          "assetId": "caTPwKxj5ZrD9LQ7DMdK4Z",
          "type": "projectCss",
          "checksum": "748c2db198285121f5dad63414f1fabb"
        }
      ],
      "codegenVersion": "0.0.1"
    },
    {
      "projectId": "58GpZjZCWTaJ8AUhpCwt2K",
      "version": "3.0.0",
      "dependencies": {},
      "lang": "ts",
      "fileLocks": [
        {
          "assetId": "58GpZjZCWTaJ8AUhpCwt2K",
          "type": "projectCss",
          "checksum": "b27497b6e230101d0406d7c74a2c950a"
        }
      ],
      "codegenVersion": "0.0.1"
    },
    {
      "projectId": "szjgMQpPpxhmkjnaBvZQJG",
      "version": "2.0.0",
      "dependencies": {},
      "lang": "ts",
      "fileLocks": [
        {
          "assetId": "szjgMQpPpxhmkjnaBvZQJG",
          "type": "projectCss",
          "checksum": "a969bb7a889647afdab89980fdf4544a"
        }
      ],
      "codegenVersion": "0.0.1"
    },
    {
      "projectId": "3hhGRWLPdvgGCLMEoJyAMR",
      "version": "latest",
      "dependencies": {
        "szjgMQpPpxhmkjnaBvZQJG": "2.0.0",
        "58GpZjZCWTaJ8AUhpCwt2K": "3.0.0",
        "caTPwKxj5ZrD9LQ7DMdK4Z": "3.0.0",
        "28Ba3BDvRe7EiWdfFNnLB6": "2.3.0",
        "84wxoth5npGrp6RRXPL88z": "4.0.2",
        "7nJ7UcFmq9UzB6eXfC5z4a": "0.0.3",
        "5dGW8Awro3qq8Hh5MveXLP": "1.0.0"
      },
      "lang": "ts",
      "fileLocks": [
        {
          "type": "globalVariant",
          "assetId": "6EDLyFs6Xvmxe",
          "checksum": "2dde67b1d38ad947621866332ad4cca5"
        },
        {
          "assetId": "3hhGRWLPdvgGCLMEoJyAMR",
          "checksum": "a936124fcc94cdf62d16321307fa9829",
          "type": "globalContexts"
        },
        {
          "type": "renderModule",
          "assetId": "wp8aN1nRyzNZ",
          "checksum": "04bb44c312e1700c67fef433382edb04"
        },
        {
          "type": "cssRules",
          "assetId": "wp8aN1nRyzNZ",
          "checksum": "04bb44c312e1700c67fef433382edb04"
        },
        {
          "type": "renderModule",
          "assetId": "9nNgL_VGh2",
          "checksum": "c0ee48e363345d8608a0c1adca1f9748"
        },
        {
          "type": "cssRules",
          "assetId": "9nNgL_VGh2",
          "checksum": "c0ee48e363345d8608a0c1adca1f9748"
        },
        {
          "type": "renderModule",
          "assetId": "qbHLJt6pyv",
          "checksum": "e6db53d83e883988363192155147b415"
        },
        {
          "type": "cssRules",
          "assetId": "qbHLJt6pyv",
          "checksum": "e6db53d83e883988363192155147b415"
        },
        {
          "type": "renderModule",
          "assetId": "FnyG8lQBcG",
          "checksum": "40749a16b1a13c1bf84e2564c28bab8e"
        },
        {
          "type": "cssRules",
          "assetId": "FnyG8lQBcG",
          "checksum": "40749a16b1a13c1bf84e2564c28bab8e"
        },
        {
          "type": "renderModule",
          "assetId": "B1hANTKjxi",
          "checksum": "de331cbf6568da218fa6965d45f651af"
        },
        {
          "type": "cssRules",
          "assetId": "B1hANTKjxi",
          "checksum": "de331cbf6568da218fa6965d45f651af"
        },
        {
          "type": "renderModule",
          "assetId": "vCsmFDPh-Q_",
          "checksum": "670f150216a0b19ca9c018cafefe589e"
        },
        {
          "type": "cssRules",
          "assetId": "vCsmFDPh-Q_",
          "checksum": "670f150216a0b19ca9c018cafefe589e"
        },
        {
          "type": "renderModule",
          "assetId": "-dFV_3-_4crC",
          "checksum": "ea55be8741624f9e7b07845d1d36e3c4"
        },
        {
          "type": "cssRules",
          "assetId": "-dFV_3-_4crC",
          "checksum": "ea55be8741624f9e7b07845d1d36e3c4"
        },
        {
          "type": "renderModule",
          "assetId": "w2qKNxx_-2",
          "checksum": "11d52dc23215db9a2b200bdc0b7b1617"
        },
        {
          "type": "cssRules",
          "assetId": "w2qKNxx_-2",
          "checksum": "11d52dc23215db9a2b200bdc0b7b1617"
        },
        {
          "type": "renderModule",
          "assetId": "s984pKIGW0",
          "checksum": "d4ae43d34803828772ea8de69939fe27"
        },
        {
          "type": "cssRules",
          "assetId": "s984pKIGW0",
          "checksum": "d4ae43d34803828772ea8de69939fe27"
        },
        {
          "type": "renderModule",
          "assetId": "UFMfu7u2sk",
          "checksum": "02b62d9bdefcf966e3ddc23e209cfae0"
        },
        {
          "type": "cssRules",
          "assetId": "UFMfu7u2sk",
          "checksum": "02b62d9bdefcf966e3ddc23e209cfae0"
        },
        {
          "type": "renderModule",
          "assetId": "rnRbq7zahH9",
          "checksum": "a561b18d2e9e9f2560d1c7a0097e826a"
        },
        {
          "type": "cssRules",
          "assetId": "rnRbq7zahH9",
          "checksum": "a561b18d2e9e9f2560d1c7a0097e826a"
        },
        {
          "type": "renderModule",
          "assetId": "-oO_1wtpEQ",
          "checksum": "0665fc307b9c4b5bb9eb696c187a60f2"
        },
        {
          "type": "cssRules",
          "assetId": "-oO_1wtpEQ",
          "checksum": "0665fc307b9c4b5bb9eb696c187a60f2"
        },
        {
          "type": "renderModule",
          "assetId": "NZ4IwD42SN",
          "checksum": "7bae7ac4749a4f069ffc3bd253d541ba"
        },
        {
          "type": "cssRules",
          "assetId": "NZ4IwD42SN",
          "checksum": "7bae7ac4749a4f069ffc3bd253d541ba"
        },
        {
          "type": "icon",
          "assetId": "VCWKZ9t0Yc9",
          "checksum": "46827c2bf6a73afa2840dba6cba106f9"
        },
        {
          "type": "icon",
          "assetId": "ZGoBIb9AIsM",
          "checksum": "ca178d2cab9494f6e393453becf35da0"
        },
        {
          "type": "icon",
          "assetId": "Xs2LVWX0cVdy",
          "checksum": "1ceb9d7972ea7aacae37e6cd25850a4d"
        },
        {
          "type": "icon",
          "assetId": "UxVf44mBTMF2",
          "checksum": "84bacf9124c126375cfdcc3d1446aa20"
        },
        {
          "type": "icon",
          "assetId": "T1UXyvBqCUGd",
          "checksum": "7a773f7c5993b28c07bf41d4f32dace7"
        },
        {
          "type": "icon",
          "assetId": "I4De0lhK8B4W",
          "checksum": "3612820d80e7246b480db3bb1379694d"
        },
        {
          "type": "icon",
          "assetId": "bvTtsYvZ69lc",
          "checksum": "3d114078970cb0e9ae2ba7d10fc9e9df"
        },
        {
          "type": "icon",
          "assetId": "_40HicKyS_m7",
          "checksum": "d1506eedafa32cf171e6d3b98ac50187"
        },
        {
          "type": "icon",
          "assetId": "2IsCtXiBZzWv",
          "checksum": "06aa5b7977eca16df797f97fd0f65400"
        },
        {
          "type": "icon",
          "assetId": "r8mhYQtmZ6Z0",
          "checksum": "8b6bd2b202683e874b9266f2ad9979b5"
        },
        {
          "type": "image",
          "assetId": "coWNcHBCo",
          "checksum": "ded30cdfdef6d215146d91ec22d2e577"
        },
        {
          "type": "image",
          "assetId": "C3DIh1ZdPUY2",
          "checksum": "9e6a24e6070d22d3e156a138f7847242"
        },
        {
          "type": "image",
          "assetId": "29Ox94ButjNn",
          "checksum": "f8b257e949ad8a29d3d8fce47d33f31e"
        },
        {
          "type": "image",
          "assetId": "YoMcgl6ThYd2",
          "checksum": "f51f3faf7574e3af4bcaf3b8d1f6f44f"
        },
        {
          "type": "image",
          "assetId": "Ld0gkmC594hB",
          "checksum": "eed97d6e3b4ff876d61b964b42495f0a"
        },
        {
          "type": "image",
          "assetId": "GjNURtch5bEL",
          "checksum": "a564c89b6febf0fad73db5176be9be18"
        },
        {
          "type": "image",
          "assetId": "m4PhP2zWyBiu",
          "checksum": "66b1898a778e7d814bdd7d78192b14fe"
        },
        {
          "type": "image",
          "assetId": "0zrdLH8B4c7_",
          "checksum": "9d4ddbe56b8a1982c10b31f8c1bf7d04"
        },
        {
          "type": "image",
          "assetId": "CJe6qELgpswU",
          "checksum": "820868baf47ffe213934764ec4bacf77"
        },
        {
          "type": "image",
          "assetId": "c3IFIi74p129",
          "checksum": "cb3faacac6b9c7ebd8ce450f79ab215c"
        },
        {
          "type": "image",
          "assetId": "ump3d3CFlgi4",
          "checksum": "30759973c24125e817c00b792b6d5cd6"
        },
        {
          "type": "image",
          "assetId": "nrG3T3Yy3Ask",
          "checksum": "62b10b133e78ebe2d4d995e60675733c"
        },
        {
          "type": "image",
          "assetId": "qieLnlpKm",
          "checksum": "c648cd70c558a0d9a2a136780e92a7af"
        },
        {
          "type": "image",
          "assetId": "VLFqlAYxM",
          "checksum": "e1edd3cac0a896e62ff6873647f4cd09"
        },
        {
          "type": "image",
          "assetId": "hsMrpuZZl",
          "checksum": "df4f35960c0480f327effb0c34c49add"
        },
        {
          "type": "image",
          "assetId": "QV2yDBLBd",
          "checksum": "a88c426b3c3539003385580850505b67"
        },
        {
          "type": "image",
          "assetId": "jXczReWp-",
          "checksum": "b5497ff8a86c6f6900048c567f1df44d"
        },
        {
          "type": "image",
          "assetId": "Dyjza5dSd",
          "checksum": "a22756ce6b87e2deb08cbd8883511593"
        },
        {
          "type": "image",
          "assetId": "2nBiMy_XK",
          "checksum": "8fa58501a4a979d105a5a05a78f8282c"
        },
        {
          "type": "image",
          "assetId": "WMEPLDsODK7",
          "checksum": "e43f7b208c3af697f32bf42ff67e204f"
        },
        {
          "type": "image",
          "assetId": "dGTFad-bu",
          "checksum": "acd2839c9c71655913e47c4f25a8b373"
        },
        {
          "type": "image",
          "assetId": "eExs5nI-E",
          "checksum": "78f4049848e120bd3a10e56ac95e12c1"
        },
        {
          "type": "image",
          "assetId": "Yv3ciWERk",
          "checksum": "555f4a918a5c0faa9817d1614ac47bf1"
        },
        {
          "type": "image",
          "assetId": "SfYnVvH1V",
          "checksum": "d12676b4ba0b40b45cb8a9d01ac39ab4"
        },
        {
          "type": "image",
          "assetId": "ZZFkaFUCR",
          "checksum": "51624414008b05edb05a56be77c05624"
        },
        {
          "type": "image",
          "assetId": "rXMwpdQXE",
          "checksum": "2ab0556013204649c1cce9ea594e51ef"
        },
        {
          "type": "image",
          "assetId": "LtrDc-yGV",
          "checksum": "0ee66ee72f9067fbc6c450581a411a10"
        },
        {
          "type": "image",
          "assetId": "KGFgK5ccz",
          "checksum": "8fc84c619e83e404a5376e538954988a"
        },
        {
          "type": "image",
          "assetId": "4KR-a_gx2",
          "checksum": "602799a28c618a91722e980f04d680b3"
        },
        {
          "assetId": "3hhGRWLPdvgGCLMEoJyAMR",
          "type": "projectCss",
          "checksum": "5063d8ca54787a203c9d26a3e991094d"
        }
      ],
      "codegenVersion": "0.0.1"
    }
  ],
  "cliVersion": "0.1.184"
}
